
Microsoft Visual Studio Solution File, Format Version 12.00
Project("{FAE04EC0-301F-11D3-BF4B-00C04F79EFBC}") = "Lelya.Bot", "Lelya.Bot\Lelya.Bot.csproj", "{DB95E48F-6DF4-4DBC-B88C-94954FC8EB78}"
EndProject
Project("{FAE04EC0-301F-11D3-BF4B-00C04F79EFBC}") = "Lelya.Commands", "Lelya.Commands\Lelya.Commands.csproj", "{9C87990C-C108-460F-9FC1-C3164886F91C}"
EndProject
Project("{FAE04EC0-301F-11D3-BF4B-00C04F79EFBC}") = "Lelya.Events", "Lelya.Events\Lelya.Events.csproj", "{789F8EDC-C053-4DA4-ACAB-832BA68404F7}"
EndProject
Global
	GlobalSection(SolutionConfigurationPlatforms) = preSolution
		Debug|Any CPU = Debug|Any CPU
		Release|Any CPU = Release|Any CPU
	EndGlobalSection
	GlobalSection(ProjectConfigurationPlatforms) = postSolution
		{DB95E48F-6DF4-4DBC-B88C-94954FC8EB78}.Debug|Any CPU.ActiveCfg = Debug|Any CPU
		{DB95E48F-6DF4-4DBC-B88C-94954FC8EB78}.Debug|Any CPU.Build.0 = Debug|Any CPU
		{DB95E48F-6DF4-4DBC-B88C-94954FC8EB78}.Release|Any CPU.ActiveCfg = Release|Any CPU
		{DB95E48F-6DF4-4DBC-B88C-94954FC8EB78}.Release|Any CPU.Build.0 = Release|Any CPU
		{9C87990C-C108-460F-9FC1-C3164886F91C}.Debug|Any CPU.ActiveCfg = Debug|Any CPU
		{9C87990C-C108-460F-9FC1-C3164886F91C}.Debug|Any CPU.Build.0 = Debug|Any CPU
		{9C87990C-C108-460F-9FC1-C3164886F91C}.Release|Any CPU.ActiveCfg = Release|Any CPU
		{9C87990C-C108-460F-9FC1-C3164886F91C}.Release|Any CPU.Build.0 = Release|Any CPU
		{789F8EDC-C053-4DA4-ACAB-832BA68404F7}.Debug|Any CPU.ActiveCfg = Debug|Any CPU
		{789F8EDC-C053-4DA4-ACAB-832BA68404F7}.Debug|Any CPU.Build.0 = Debug|Any CPU
		{789F8EDC-C053-4DA4-ACAB-832BA68404F7}.Release|Any CPU.ActiveCfg = Release|Any CPU
		{789F8EDC-C053-4DA4-ACAB-832BA68404F7}.Release|Any CPU.Build.0 = Release|Any CPU
	EndGlobalSection
EndGlobal
